{
  "name": "ScreenCloud",
  "lockfileVersion": 2,
  "requires": true,
  "packages": {
    "": {
      "dependencies": {
        "@screencloud/apps-sdk": "^1.2.2"
      }
    },
    "node_modules/@screencloud/apps-sdk": {
      "version": "1.2.2",
      "resolved": "https://registry.npmjs.org/@screencloud/apps-sdk/-/apps-sdk-1.2.2.tgz",
      "integrity": "sha512-L816TIkT1hK9FoNr1zo2XFuxQfMWsV/HTVYZ5oADVtEBhzcCX6DGxHNUtSylHdGv0I65GvHHcvfphYfPU8omxQ=="
    }
  },
  "dependencies": {
    "@screencloud/apps-sdk": {
      "version": "1.2.2",
      "resolved": "https://registry.npmjs.org/@screencloud/apps-sdk/-/apps-sdk-1.2.2.tgz",
      "integrity": "sha512-L816TIkT1hK9FoNr1zo2XFuxQfMWsV/HTVYZ5oADVtEBhzcCX6DGxHNUtSylHdGv0I65GvHHcvfphYfPU8omxQ=="
    }
  }
}
